
Microsoft Visual Studio Solution File, Format Version 12.00
# Visual Studio Version 17
VisualStudioVersion = 17.0.31903.59
MinimumVisualStudioVersion = 10.0.40219.1
Project("{2150E333-8FDC-42A3-9474-1A3956D46DE8}") = "src", "src", "{10D5A549-8EC4-4C83-811F-69DA57B7AAD2}"
EndProject
Project("{FAE04EC0-301F-11D3-BF4B-00C04F79EFBC}") = "Azenix.Examples.IntegrationTesting.Api", "src\Azenix.Examples.IntegrationTesting.Api\Azenix.Examples.IntegrationTesting.Api.csproj", "{3EBDFDBC-974E-4144-B16B-15F0A0D14595}"
EndProject
Project("{2150E333-8FDC-42A3-9474-1A3956D46DE8}") = "test", "test", "{25257BD1-5764-4C21-9BF0-0636F3560201}"
EndProject
Project("{FAE04EC0-301F-11D3-BF4B-00C04F79EFBC}") = "Azenix.Examples.IntegrationTesting.Api.Tests", "test\Azenix.Examples.IntegrationTesting.Api.Tests\Azenix.Examples.IntegrationTesting.Api.Tests.csproj", "{2F250E1A-DF7F-4FB5-8AD2-D00DEEFB8DC6}"
EndProject
Global
	GlobalSection(SolutionConfigurationPlatforms) = preSolution
		Debug|Any CPU = Debug|Any CPU
		Release|Any CPU = Release|Any CPU
	EndGlobalSection
	GlobalSection(SolutionProperties) = preSolution
		HideSolutionNode = FALSE
	EndGlobalSection
	GlobalSection(ProjectConfigurationPlatforms) = postSolution
		{3EBDFDBC-974E-4144-B16B-15F0A0D14595}.Debug|Any CPU.ActiveCfg = Debug|Any CPU
		{3EBDFDBC-974E-4144-B16B-15F0A0D14595}.Debug|Any CPU.Build.0 = Debug|Any CPU
		{3EBDFDBC-974E-4144-B16B-15F0A0D14595}.Release|Any CPU.ActiveCfg = Release|Any CPU
		{3EBDFDBC-974E-4144-B16B-15F0A0D14595}.Release|Any CPU.Build.0 = Release|Any CPU
		{2F250E1A-DF7F-4FB5-8AD2-D00DEEFB8DC6}.Debug|Any CPU.ActiveCfg = Debug|Any CPU
		{2F250E1A-DF7F-4FB5-8AD2-D00DEEFB8DC6}.Debug|Any CPU.Build.0 = Debug|Any CPU
		{2F250E1A-DF7F-4FB5-8AD2-D00DEEFB8DC6}.Release|Any CPU.ActiveCfg = Release|Any CPU
		{2F250E1A-DF7F-4FB5-8AD2-D00DEEFB8DC6}.Release|Any CPU.Build.0 = Release|Any CPU
	EndGlobalSection
	GlobalSection(NestedProjects) = preSolution
		{3EBDFDBC-974E-4144-B16B-15F0A0D14595} = {10D5A549-8EC4-4C83-811F-69DA57B7AAD2}
		{2F250E1A-DF7F-4FB5-8AD2-D00DEEFB8DC6} = {25257BD1-5764-4C21-9BF0-0636F3560201}
	EndGlobalSection
EndGlobal
