
Microsoft Visual Studio Solution File, Format Version 12.00
# Visual Studio Version 17
VisualStudioVersion = 17.0.31903.59
MinimumVisualStudioVersion = 10.0.40219.1
Project("{FAE04EC0-301F-11D3-BF4B-00C04F79EFBC}") = "Example.Api", "Example.Api\Example.Api.csproj", "{775D8D50-1014-4AD8-80B6-A31EC21C6279}"
EndProject
Project("{FAE04EC0-301F-11D3-BF4B-00C04F79EFBC}") = "Example.Api.Tests", "Example.Api.Tests\Example.Api.Tests.csproj", "{390DF05C-72D6-4FD7-A486-0C41CF8F54CD}"
EndProject
Global
	GlobalSection(SolutionConfigurationPlatforms) = preSolution
		Debug|Any CPU = Debug|Any CPU
		Release|Any CPU = Release|Any CPU
	EndGlobalSection
	GlobalSection(SolutionProperties) = preSolution
		HideSolutionNode = FALSE
	EndGlobalSection
	GlobalSection(ProjectConfigurationPlatforms) = postSolution
		{775D8D50-1014-4AD8-80B6-A31EC21C6279}.Debug|Any CPU.ActiveCfg = Debug|Any CPU
		{775D8D50-1014-4AD8-80B6-A31EC21C6279}.Debug|Any CPU.Build.0 = Debug|Any CPU
		{775D8D50-1014-4AD8-80B6-A31EC21C6279}.Release|Any CPU.ActiveCfg = Release|Any CPU
		{775D8D50-1014-4AD8-80B6-A31EC21C6279}.Release|Any CPU.Build.0 = Release|Any CPU
		{390DF05C-72D6-4FD7-A486-0C41CF8F54CD}.Debug|Any CPU.ActiveCfg = Debug|Any CPU
		{390DF05C-72D6-4FD7-A486-0C41CF8F54CD}.Debug|Any CPU.Build.0 = Debug|Any CPU
		{390DF05C-72D6-4FD7-A486-0C41CF8F54CD}.Release|Any CPU.ActiveCfg = Release|Any CPU
		{390DF05C-72D6-4FD7-A486-0C41CF8F54CD}.Release|Any CPU.Build.0 = Release|Any CPU
	EndGlobalSection
EndGlobal
