
Microsoft Visual Studio Solution File, Format Version 12.00
# Visual Studio Version 17
VisualStudioVersion = 17.0.31903.59
MinimumVisualStudioVersion = 10.0.40219.1
Project("{2150E333-8FDC-42A3-9474-1A3956D46DE8}") = "src", "src", "{C6D26DB6-A379-4278-9602-BF8E99873AD6}"
EndProject
Project("{FAE04EC0-301F-11D3-BF4B-00C04F79EFBC}") = "Azenix.Examples.IntegrationTesting.Api", "src\Azenix.Examples.IntegrationTesting.Api\Azenix.Examples.IntegrationTesting.Api.csproj", "{09B5C5AE-DA58-4200-B641-E9BB9D924856}"
EndProject
Project("{2150E333-8FDC-42A3-9474-1A3956D46DE8}") = "test", "test", "{57844557-F9C3-4F51-A6F3-5C377E16832A}"
EndProject
Project("{FAE04EC0-301F-11D3-BF4B-00C04F79EFBC}") = "Azenix.Examples.IntegrationTesting.Api.Tests", "test\Azenix.Examples.IntegrationTesting.Api.Tests\Azenix.Examples.IntegrationTesting.Api.Tests.csproj", "{F40E8147-90FE-41CC-A364-2572A15BDFEB}"
EndProject
Global
	GlobalSection(SolutionConfigurationPlatforms) = preSolution
		Debug|Any CPU = Debug|Any CPU
		Release|Any CPU = Release|Any CPU
	EndGlobalSection
	GlobalSection(SolutionProperties) = preSolution
		HideSolutionNode = FALSE
	EndGlobalSection
	GlobalSection(ProjectConfigurationPlatforms) = postSolution
		{09B5C5AE-DA58-4200-B641-E9BB9D924856}.Debug|Any CPU.ActiveCfg = Debug|Any CPU
		{09B5C5AE-DA58-4200-B641-E9BB9D924856}.Debug|Any CPU.Build.0 = Debug|Any CPU
		{09B5C5AE-DA58-4200-B641-E9BB9D924856}.Release|Any CPU.ActiveCfg = Release|Any CPU
		{09B5C5AE-DA58-4200-B641-E9BB9D924856}.Release|Any CPU.Build.0 = Release|Any CPU
		{F40E8147-90FE-41CC-A364-2572A15BDFEB}.Debug|Any CPU.ActiveCfg = Debug|Any CPU
		{F40E8147-90FE-41CC-A364-2572A15BDFEB}.Debug|Any CPU.Build.0 = Debug|Any CPU
		{F40E8147-90FE-41CC-A364-2572A15BDFEB}.Release|Any CPU.ActiveCfg = Release|Any CPU
		{F40E8147-90FE-41CC-A364-2572A15BDFEB}.Release|Any CPU.Build.0 = Release|Any CPU
	EndGlobalSection
	GlobalSection(NestedProjects) = preSolution
		{09B5C5AE-DA58-4200-B641-E9BB9D924856} = {C6D26DB6-A379-4278-9602-BF8E99873AD6}
		{F40E8147-90FE-41CC-A364-2572A15BDFEB} = {57844557-F9C3-4F51-A6F3-5C377E16832A}
	EndGlobalSection
EndGlobal
