
Microsoft Visual Studio Solution File, Format Version 12.00
# Visual Studio Version 17
VisualStudioVersion = 17.0.31903.59
MinimumVisualStudioVersion = 10.0.40219.1
Project("{FAE04EC0-301F-11D3-BF4B-00C04F79EFBC}") = "Example.Api", "Example.Api\Example.Api.csproj", "{37089678-E8C2-499C-BDFB-37258889488D}"
EndProject
Project("{FAE04EC0-301F-11D3-BF4B-00C04F79EFBC}") = "Example.Api.Tests", "Example.Api.Tests\Example.Api.Tests.csproj", "{A4B3D7D7-F5CA-4CDB-BFB9-82BB828C155D}"
EndProject
Global
	GlobalSection(SolutionConfigurationPlatforms) = preSolution
		Debug|Any CPU = Debug|Any CPU
		Release|Any CPU = Release|Any CPU
	EndGlobalSection
	GlobalSection(SolutionProperties) = preSolution
		HideSolutionNode = FALSE
	EndGlobalSection
	GlobalSection(ProjectConfigurationPlatforms) = postSolution
		{37089678-E8C2-499C-BDFB-37258889488D}.Debug|Any CPU.ActiveCfg = Debug|Any CPU
		{37089678-E8C2-499C-BDFB-37258889488D}.Debug|Any CPU.Build.0 = Debug|Any CPU
		{37089678-E8C2-499C-BDFB-37258889488D}.Release|Any CPU.ActiveCfg = Release|Any CPU
		{37089678-E8C2-499C-BDFB-37258889488D}.Release|Any CPU.Build.0 = Release|Any CPU
		{A4B3D7D7-F5CA-4CDB-BFB9-82BB828C155D}.Debug|Any CPU.ActiveCfg = Debug|Any CPU
		{A4B3D7D7-F5CA-4CDB-BFB9-82BB828C155D}.Debug|Any CPU.Build.0 = Debug|Any CPU
		{A4B3D7D7-F5CA-4CDB-BFB9-82BB828C155D}.Release|Any CPU.ActiveCfg = Release|Any CPU
		{A4B3D7D7-F5CA-4CDB-BFB9-82BB828C155D}.Release|Any CPU.Build.0 = Release|Any CPU
	EndGlobalSection
EndGlobal
